
Microsoft Visual Studio Solution File, Format Version 12.00
# Visual Studio Version 16
VisualStudioVersion = 16.0.31025.194
MinimumVisualStudioVersion = 10.0.40219.1
Project("{9A19103F-16F7-4668-BE54-9A1E7A4F7556}") = "Webscraper", "Webscraper.csproj", "{38B99457-3CB0-4788-B068-91652C451889}"
EndProject
Global
	GlobalSection(SolutionConfigurationPlatforms) = preSolution
		Debug|Any CPU = Debug|Any CPU
		Release|Any CPU = Release|Any CPU
	EndGlobalSection
	GlobalSection(ProjectConfigurationPlatforms) = postSolution
		{38B99457-3CB0-4788-B068-91652C451889}.Debug|Any CPU.ActiveCfg = Debug|Any CPU
		{38B99457-3CB0-4788-B068-91652C451889}.Debug|Any CPU.Build.0 = Debug|Any CPU
		{38B99457-3CB0-4788-B068-91652C451889}.Release|Any CPU.ActiveCfg = Release|Any CPU
		{38B99457-3CB0-4788-B068-91652C451889}.Release|Any CPU.Build.0 = Release|Any CPU
	EndGlobalSection
	GlobalSection(SolutionProperties) = preSolution
		HideSolutionNode = FALSE
	EndGlobalSection
	GlobalSection(ExtensibilityGlobals) = postSolution
		SolutionGuid = {091943C2-1C25-4695-B9DF-EB4682BE3746}
	EndGlobalSection
EndGlobal
